# THIS IS AN AUTOGENERATED FILE. DO NOT EDIT THIS FILE DIRECTLY.
# yarn lockfile v1


"@colors/colors@1.5.0":
  version "1.5.0"

"@cspotcode/source-map-support@^0.8.0":
  version "0.8.1"
  dependencies:
    "@jridgewell/trace-mapping" "0.3.9"

"@google/generative-ai@^0.2.1":
  version "0.2.1"
  resolved "https://registry.npmjs.org/@google/generative-ai/-/generative-ai-0.2.1.tgz"
  integrity sha512-gNmMFadfwi7qf/6M9gImgyGJXY1jKQ/de8vGOqgJ0PPYgQ7WwzZDavbKrIuXS2zdqZZaYtxW3EFN6aG9x5wtFw==

"@isaacs/cliui@^8.0.2":
  version "8.0.2"
  dependencies:
    string-width "^5.1.2"
    string-width-cjs "npm:string-width@^4.2.0"
    strip-ansi "^7.0.1"
    strip-ansi-cjs "npm:strip-ansi@^6.0.1"
    wrap-ansi "^8.1.0"
    wrap-ansi-cjs "npm:wrap-ansi@^7.0.0"

"@isaacs/string-locale-compare@^1.1.0":
  version "1.1.0"

"@jridgewell/resolve-uri@^3.0.3":
  version "3.1.1"

"@jridgewell/sourcemap-codec@^1.4.10":
  version "1.4.15"

"@jridgewell/trace-mapping@0.3.9":
  version "0.3.9"
  dependencies:
    "@jridgewell/resolve-uri" "^3.0.3"
    "@jridgewell/sourcemap-codec" "^1.4.10"

"@npmcli/agent@^2.0.0":
  version "2.2.0"
  dependencies:
    agent-base "^7.1.0"
    http-proxy-agent "^7.0.0"
    https-proxy-agent "^7.0.1"
    lru-cache "^10.0.1"
    socks-proxy-agent "^8.0.1"

"@npmcli/arborist@^7.2.1":
  version "7.3.1"
  dependencies:
    "@isaacs/string-locale-compare" "^1.1.0"
    "@npmcli/fs" "^3.1.0"
    "@npmcli/installed-package-contents" "^2.0.2"
    "@npmcli/map-workspaces" "^3.0.2"
    "@npmcli/metavuln-calculator" "^7.0.0"
    "@npmcli/name-from-folder" "^2.0.0"
    "@npmcli/node-gyp" "^3.0.0"
    "@npmcli/package-json" "^5.0.0"
    "@npmcli/query" "^3.0.1"
    "@npmcli/run-script" "^7.0.2"
    bin-links "^4.0.1"
    cacache "^18.0.0"
    common-ancestor-path "^1.0.1"
    hosted-git-info "^7.0.1"
    json-parse-even-better-errors "^3.0.0"
    json-stringify-nice "^1.1.4"
    minimatch "^9.0.0"
    nopt "^7.0.0"
    npm-install-checks "^6.2.0"
    npm-package-arg "^11.0.1"
    npm-pick-manifest "^9.0.0"
    npm-registry-fetch "^16.0.0"
    npmlog "^7.0.1"
    pacote "^17.0.4"
    parse-conflict-json "^3.0.0"
    proc-log "^3.0.0"
    promise-all-reject-late "^1.0.0"
    promise-call-limit "^3.0.1"
    read-package-json-fast "^3.0.2"
    semver "^7.3.7"
    ssri "^10.0.5"
    treeverse "^3.0.0"
    walk-up-path "^3.0.1"

"@npmcli/config@^8.0.2":
  version "8.1.0"
  dependencies:
    "@npmcli/map-workspaces" "^3.0.2"
    ci-info "^4.0.0"
    ini "^4.1.0"
    nopt "^7.0.0"
    proc-log "^3.0.0"
    read-package-json-fast "^3.0.2"
    semver "^7.3.5"
    walk-up-path "^3.0.1"

"@npmcli/disparity-colors@^3.0.0":
  version "3.0.0"
  dependencies:
    ansi-styles "^4.3.0"

"@npmcli/fs@^3.1.0":
  version "3.1.0"
  dependencies:
    semver "^7.3.5"

"@npmcli/git@^5.0.0", "@npmcli/git@^5.0.3":
  version "5.0.4"
  dependencies:
    "@npmcli/promise-spawn" "^7.0.0"
    lru-cache "^10.0.1"
    npm-pick-manifest "^9.0.0"
    proc-log "^3.0.0"
    promise-inflight "^1.0.1"
    promise-retry "^2.0.1"
    semver "^7.3.5"
    which "^4.0.0"

"@npmcli/installed-package-contents@^2.0.1", "@npmcli/installed-package-contents@^2.0.2":
  version "2.0.2"
  dependencies:
    npm-bundled "^3.0.0"
    npm-normalize-package-bin "^3.0.0"

"@npmcli/map-workspaces@^3.0.2", "@npmcli/map-workspaces@^3.0.4":
  version "3.0.4"
  dependencies:
    "@npmcli/name-from-folder" "^2.0.0"
    glob "^10.2.2"
    minimatch "^9.0.0"
    read-package-json-fast "^3.0.0"

"@npmcli/metavuln-calculator@^7.0.0":
  version "7.0.0"
  dependencies:
    cacache "^18.0.0"
    json-parse-even-better-errors "^3.0.0"
    pacote "^17.0.0"
    semver "^7.3.5"

"@npmcli/name-from-folder@^2.0.0":
  version "2.0.0"

"@npmcli/node-gyp@^3.0.0":
  version "3.0.0"

"@npmcli/package-json@^5.0.0":
  version "5.0.0"
  dependencies:
    "@npmcli/git" "^5.0.0"
    glob "^10.2.2"
    hosted-git-info "^7.0.0"
    json-parse-even-better-errors "^3.0.0"
    normalize-package-data "^6.0.0"
    proc-log "^3.0.0"
    semver "^7.5.3"

"@npmcli/promise-spawn@^7.0.0", "@npmcli/promise-spawn@^7.0.1":
  version "7.0.1"
  dependencies:
    which "^4.0.0"

"@npmcli/query@^3.0.1":
  version "3.0.1"
  dependencies:
    postcss-selector-parser "^6.0.10"

"@npmcli/run-script@^7.0.0", "@npmcli/run-script@^7.0.2", "@npmcli/run-script@^7.0.4":
  version "7.0.4"
  dependencies:
    "@npmcli/node-gyp" "^3.0.0"
    "@npmcli/package-json" "^5.0.0"
    "@npmcli/promise-spawn" "^7.0.0"
    node-gyp "^10.0.0"
    which "^4.0.0"

"@pkgjs/parseargs@^0.11.0":
  version "0.11.0"

"@sigstore/bundle@^2.1.1":
  version "2.1.1"
  dependencies:
    "@sigstore/protobuf-specs" "^0.2.1"

"@sigstore/core@^0.2.0":
  version "0.2.0"

"@sigstore/protobuf-specs@^0.2.1":
  version "0.2.1"

"@sigstore/sign@^2.2.1":
  version "2.2.1"
  dependencies:
    "@sigstore/bundle" "^2.1.1"
    "@sigstore/core" "^0.2.0"
    "@sigstore/protobuf-specs" "^0.2.1"
    make-fetch-happen "^13.0.0"

"@sigstore/tuf@^2.3.0":
  version "2.3.0"
  dependencies:
    "@sigstore/protobuf-specs" "^0.2.1"
    tuf-js "^2.2.0"

"@sigstore/verify@^0.1.0":
  version "0.1.0"
  dependencies:
    "@sigstore/bundle" "^2.1.1"
    "@sigstore/core" "^0.2.0"
    "@sigstore/protobuf-specs" "^0.2.1"

"@supabase/functions-js@^2.1.5":
  version "2.2.0"
  dependencies:
    "@supabase/node-fetch" "^2.6.14"

"@supabase/gotrue-js@^2.60.0":
  version "2.62.2"
  dependencies:
    "@supabase/node-fetch" "^2.6.14"

"@supabase/node-fetch@^2.6.14":
  version "2.6.15"
  dependencies:
    whatwg-url "^5.0.0"

"@supabase/postgrest-js@^1.9.0":
  version "1.11.0"
  dependencies:
    "@supabase/node-fetch" "^2.6.14"

"@supabase/realtime-js@^2.9.3":
  version "2.9.3"
  dependencies:
    "@supabase/node-fetch" "^2.6.14"
    "@types/phoenix" "^1.5.4"
    "@types/ws" "^8.5.10"
    ws "^8.14.2"

"@supabase/storage-js@^2.5.4":
  version "2.5.5"
  dependencies:
    "@supabase/node-fetch" "^2.6.14"

"@supabase/supabase-js@^2.39.3":
  version "2.39.3"
  dependencies:
    "@supabase/functions-js" "^2.1.5"
    "@supabase/gotrue-js" "^2.60.0"
    "@supabase/node-fetch" "^2.6.14"
    "@supabase/postgrest-js" "^1.9.0"
    "@supabase/realtime-js" "^2.9.3"
    "@supabase/storage-js" "^2.5.4"

"@tsconfig/node10@^1.0.7":
  version "1.0.8"

"@tsconfig/node12@^1.0.7":
  version "1.0.8"

"@tsconfig/node14@^1.0.0":
  version "1.0.1"

"@tsconfig/node16@^1.0.2":
  version "1.0.3"

"@tufjs/canonical-json@2.0.0":
  version "2.0.0"

"@tufjs/models@2.0.0":
  version "2.0.0"
  dependencies:
    "@tufjs/canonical-json" "2.0.0"
    minimatch "^9.0.3"

"@types/body-parser@*":
  version "1.19.0"
  dependencies:
    "@types/connect" "*"
    "@types/node" "*"

"@types/connect@*":
  version "3.4.34"
  dependencies:
    "@types/node" "*"

"@types/cors@^2.8.17":
  version "2.8.17"
  dependencies:
    "@types/node" "*"

"@types/express-serve-static-core@^4.17.33":
  version "4.17.34"
  dependencies:
    "@types/node" "*"
    "@types/qs" "*"
    "@types/range-parser" "*"
    "@types/send" "*"

"@types/express@^4.17.21":
  version "4.17.21"
  dependencies:
    "@types/body-parser" "*"
    "@types/express-serve-static-core" "^4.17.33"
    "@types/qs" "*"
    "@types/serve-static" "*"

"@types/mime@^1":
  version "1.3.2"

"@types/node@*", "@types/node@^20.11.14":
  version "20.11.14"
  dependencies:
    undici-types "~5.26.4"

"@types/phoenix@^1.5.4":
  version "1.6.4"

"@types/qs@*":
  version "6.9.6"

"@types/range-parser@*":
  version "1.2.3"

"@types/send@*":
  version "0.17.1"
  dependencies:
    "@types/mime" "^1"
    "@types/node" "*"

"@types/serve-static@*":
  version "1.13.9"
  dependencies:
    "@types/mime" "^1"
    "@types/node" "*"

"@types/ws@^8.5.10":
  version "8.5.10"
  dependencies:
    "@types/node" "*"

abbrev@^2.0.0:
  version "2.0.0"

abbrev@1:
  version "1.1.1"

accepts@~1.3.8:
  version "1.3.8"
  dependencies:
    mime-types "~2.1.34"
    negotiator "0.6.3"

acorn-walk@^8.1.1:
  version "8.2.0"

acorn@^8.4.1:
  version "8.8.2"

agent-base@^7.0.2, agent-base@^7.1.0:
  version "7.1.0"
  dependencies:
    debug "^4.3.4"

aggregate-error@^3.0.0:
  version "3.1.0"
  dependencies:
    clean-stack "^2.0.0"
    indent-string "^4.0.0"

ansi-regex@^5.0.1:
  version "5.0.1"

ansi-regex@^6.0.1:
  version "6.0.1"

ansi-styles@^4.0.0:
  version "4.3.0"
  dependencies:
    color-convert "^2.0.1"

ansi-styles@^4.3.0:
  version "4.3.0"
  dependencies:
    color-convert "^2.0.1"

ansi-styles@^6.1.0:
  version "6.2.1"

anymatch@~3.1.2:
  version "3.1.3"
  dependencies:
    normalize-path "^3.0.0"
    picomatch "^2.0.4"

"aproba@^1.0.3 || ^2.0.0", aproba@^2.0.0:
  version "2.0.0"

archy@~1.0.0:
  version "1.0.0"

are-we-there-yet@^4.0.0:
  version "4.0.2"

arg@^4.1.0:
  version "4.1.3"

array-flatten@1.1.1:
  version "1.1.1"

balanced-match@^1.0.0:
  version "1.0.2"

bin-links@^4.0.1:
  version "4.0.3"
  dependencies:
    cmd-shim "^6.0.0"
    npm-normalize-package-bin "^3.0.0"
    read-cmd-shim "^4.0.0"
    write-file-atomic "^5.0.0"

binary-extensions@^2.0.0:
  version "2.2.0"

binary-extensions@^2.2.0:
  version "2.2.0"

body-parser@^1.20.2:
  version "1.20.2"
  dependencies:
    bytes "3.1.2"
    content-type "~1.0.5"
    debug "2.6.9"
    depd "2.0.0"
    destroy "1.2.0"
    http-errors "2.0.0"
    iconv-lite "0.4.24"
    on-finished "2.4.1"
    qs "6.11.0"
    raw-body "2.5.2"
    type-is "~1.6.18"
    unpipe "1.0.0"

body-parser@1.20.1:
  version "1.20.1"
  dependencies:
    bytes "3.1.2"
    content-type "~1.0.4"
    debug "2.6.9"
    depd "2.0.0"
    destroy "1.2.0"
    http-errors "2.0.0"
    iconv-lite "0.4.24"
    on-finished "2.4.1"
    qs "6.11.0"
    raw-body "2.5.1"
    type-is "~1.6.18"
    unpipe "1.0.0"

brace-expansion@^1.1.7:
  version "1.1.11"
  dependencies:
    balanced-match "^1.0.0"
    concat-map "0.0.1"

brace-expansion@^2.0.1:
  version "2.0.1"
  dependencies:
    balanced-match "^1.0.0"

braces@~3.0.2:
  version "3.0.2"
  dependencies:
    fill-range "^7.0.1"

builtins@^5.0.0:
  version "5.0.1"
  dependencies:
    semver "^7.0.0"

bytes@3.1.2:
  version "3.1.2"

cacache@^18.0.0, cacache@^18.0.2:
  version "18.0.2"
  dependencies:
    "@npmcli/fs" "^3.1.0"
    fs-minipass "^3.0.0"
    glob "^10.2.2"
    lru-cache "^10.0.1"
    minipass "^7.0.3"
    minipass-collect "^2.0.1"
    minipass-flush "^1.0.5"
    minipass-pipeline "^1.2.4"
    p-map "^4.0.0"
    ssri "^10.0.0"
    tar "^6.1.11"
    unique-filename "^3.0.0"

call-bind@^1.0.0:
  version "1.0.2"
  dependencies:
    function-bind "^1.1.1"
    get-intrinsic "^1.0.2"

chalk@^5.3.0:
  version "5.3.0"

chokidar@^3.5.2:
  version "3.5.3"
  dependencies:
    anymatch "~3.1.2"
    braces "~3.0.2"
    glob-parent "~5.1.2"
    is-binary-path "~2.1.0"
    is-glob "~4.0.1"
    normalize-path "~3.0.0"
    readdirp "~3.6.0"
  optionalDependencies:
    fsevents "~2.3.2"

chownr@^2.0.0:
  version "2.0.0"

ci-info@^4.0.0:
  version "4.0.0"

cidr-regex@4.0.3:
  version "4.0.3"
  dependencies:
    ip-regex "^5.0.0"

clean-stack@^2.0.0:
  version "2.2.0"

cli-columns@^4.0.0:
  version "4.0.0"
  dependencies:
    string-width "^4.2.3"
    strip-ansi "^6.0.1"

cli-table3@^0.6.3:
  version "0.6.3"
  dependencies:
    string-width "^4.2.0"
  optionalDependencies:
    "@colors/colors" "1.5.0"

clone@^1.0.2:
  version "1.0.4"

cmd-shim@^6.0.0:
  version "6.0.2"

color-convert@^2.0.1:
  version "2.0.1"
  dependencies:
    color-name "~1.1.4"

color-name@~1.1.4:
  version "1.1.4"

color-support@^1.1.3:
  version "1.1.3"

columnify@^1.6.0:
  version "1.6.0"
  dependencies:
    strip-ansi "^6.0.1"
    wcwidth "^1.0.0"

common-ancestor-path@^1.0.1:
  version "1.0.1"

concat-map@0.0.1:
  version "0.0.1"

console-control-strings@^1.1.0:
  version "1.1.0"

content-disposition@0.5.4:
  version "0.5.4"
  dependencies:
    safe-buffer "5.2.1"

content-type@~1.0.4:
  version "1.0.4"

content-type@~1.0.5:
  version "1.0.5"

cookie-signature@1.0.6:
  version "1.0.6"

cookie@0.5.0:
  version "0.5.0"

cors@^2.8.5:
  version "2.8.5"
  dependencies:
    object-assign "^4"
    vary "^1"

create-require@^1.1.0:
  version "1.1.1"

cross-spawn@^7.0.0:
  version "7.0.3"
  dependencies:
    path-key "^3.1.0"
    shebang-command "^2.0.0"
    which "^2.0.1"

cssesc@^3.0.0:
  version "3.0.0"

debug@^4:
  version "4.3.4"
  dependencies:
    ms "2.1.2"

debug@^4.3.4, debug@4:
  version "4.3.4"
  dependencies:
    ms "2.1.2"

debug@2.6.9:
  version "2.6.9"
  dependencies:
    ms "2.0.0"

defaults@^1.0.3:
  version "1.0.4"
  dependencies:
    clone "^1.0.2"

depd@2.0.0:
  version "2.0.0"

destroy@1.2.0:
  version "1.2.0"

diff@^4.0.1:
  version "4.0.2"

diff@^5.1.0:
  version "5.1.0"

dotenv@^16.4.1:
  version "16.4.1"

eastasianwidth@^0.2.0:
  version "0.2.0"

ee-first@1.1.1:
  version "1.1.1"

emoji-regex@^8.0.0:
  version "8.0.0"

emoji-regex@^9.2.2:
  version "9.2.2"

encodeurl@~1.0.2:
  version "1.0.2"

encoding@^0.1.13:
  version "0.1.13"
  dependencies:
    iconv-lite "^0.6.2"

env-paths@^2.2.0:
  version "2.2.1"

err-code@^2.0.2:
  version "2.0.3"

escape-html@~1.0.3:
  version "1.0.3"

etag@~1.8.1:
  version "1.8.1"

exponential-backoff@^3.1.1:
  version "3.1.1"

express-validator@^7.0.1:
  version "7.0.1"
  resolved "https://registry.npmjs.org/express-validator/-/express-validator-7.0.1.tgz"
  integrity sha512-oB+z9QOzQIE8FnlINqyIFA8eIckahC6qc8KtqLdLJcU3/phVyuhXH3bA4qzcrhme+1RYaCSwrq+TlZ/kAKIARA==
  dependencies:
    lodash "^4.17.21"
    validator "^13.9.0"

express@^4.18.2:
  version "4.18.2"
  dependencies:
    accepts "~1.3.8"
    array-flatten "1.1.1"
    body-parser "1.20.1"
    content-disposition "0.5.4"
    content-type "~1.0.4"
    cookie "0.5.0"
    cookie-signature "1.0.6"
    debug "2.6.9"
    depd "2.0.0"
    encodeurl "~1.0.2"
    escape-html "~1.0.3"
    etag "~1.8.1"
    finalhandler "1.2.0"
    fresh "0.5.2"
    http-errors "2.0.0"
    merge-descriptors "1.0.1"
    methods "~1.1.2"
    on-finished "2.4.1"
    parseurl "~1.3.3"
    path-to-regexp "0.1.7"
    proxy-addr "~2.0.7"
    qs "6.11.0"
    range-parser "~1.2.1"
    safe-buffer "5.2.1"
    send "0.18.0"
    serve-static "1.15.0"
    setprototypeof "1.2.0"
    statuses "2.0.1"
    type-is "~1.6.18"
    utils-merge "1.0.1"
    vary "~1.1.2"

fastest-levenshtein@^1.0.16:
  version "1.0.16"

fill-range@^7.0.1:
  version "7.0.1"
  dependencies:
    to-regex-range "^5.0.1"

finalhandler@1.2.0:
  version "1.2.0"
  dependencies:
    debug "2.6.9"
    encodeurl "~1.0.2"
    escape-html "~1.0.3"
    on-finished "2.4.1"
    parseurl "~1.3.3"
    statuses "2.0.1"
    unpipe "~1.0.0"

foreground-child@^3.1.0:
  version "3.1.1"
  dependencies:
    cross-spawn "^7.0.0"
    signal-exit "^4.0.1"

forwarded@0.2.0:
  version "0.2.0"

fresh@0.5.2:
  version "0.5.2"

fs-minipass@^2.0.0:
  version "2.1.0"
  dependencies:
    minipass "^3.0.0"

fs-minipass@^3.0.0, fs-minipass@^3.0.3:
  version "3.0.3"
  dependencies:
    minipass "^7.0.3"

function-bind@^1.1.1:
  version "1.1.1"

function-bind@^1.1.2:
  version "1.1.2"

gauge@^5.0.0:
  version "5.0.1"
  dependencies:
    aproba "^1.0.3 || ^2.0.0"
    color-support "^1.1.3"
    console-control-strings "^1.1.0"
    has-unicode "^2.0.1"
    signal-exit "^4.0.1"
    string-width "^4.2.3"
    strip-ansi "^6.0.1"
    wide-align "^1.1.5"

get-intrinsic@^1.0.2:
  version "1.2.0"
  dependencies:
    function-bind "^1.1.1"
    has "^1.0.3"
    has-symbols "^1.0.3"

glob-parent@~5.1.2:
  version "5.1.2"
  dependencies:
    is-glob "^4.0.1"

glob@^10.2.2, glob@^10.3.10:
  version "10.3.10"
  dependencies:
    foreground-child "^3.1.0"
    jackspeak "^2.3.5"
    minimatch "^9.0.1"
    minipass "^5.0.0 || ^6.0.2 || ^7.0.0"
    path-scurry "^1.10.1"

graceful-fs@^4.2.11, graceful-fs@^4.2.6:
  version "4.2.11"

has-flag@^3.0.0:
  version "3.0.0"

has-symbols@^1.0.3:
  version "1.0.3"

has-unicode@^2.0.1:
  version "2.0.1"

has@^1.0.3:
  version "1.0.3"
  dependencies:
    function-bind "^1.1.1"

hasown@^2.0.0:
  version "2.0.0"
  dependencies:
    function-bind "^1.1.2"

hosted-git-info@^7.0.0, hosted-git-info@^7.0.1:
  version "7.0.1"
  dependencies:
    lru-cache "^10.0.1"

http-cache-semantics@^4.1.1:
  version "4.1.1"

http-errors@2.0.0:
  version "2.0.0"
  dependencies:
    depd "2.0.0"
    inherits "2.0.4"
    setprototypeof "1.2.0"
    statuses "2.0.1"
    toidentifier "1.0.1"

http-proxy-agent@^7.0.0:
  version "7.0.0"
  dependencies:
    agent-base "^7.1.0"
    debug "^4.3.4"

https-proxy-agent@^7.0.1:
  version "7.0.2"
  dependencies:
    agent-base "^7.0.2"
    debug "4"

iconv-lite@^0.6.2:
  version "0.6.3"
  dependencies:
    safer-buffer ">= 2.1.2 < 3.0.0"

iconv-lite@0.4.24:
  version "0.4.24"
  dependencies:
    safer-buffer ">= 2.1.2 < 3"

ignore-by-default@^1.0.1:
  version "1.0.1"

ignore-walk@^6.0.4:
  version "6.0.4"
  dependencies:
    minimatch "^9.0.0"

imurmurhash@^0.1.4:
  version "0.1.4"

indent-string@^4.0.0:
  version "4.0.0"

inherits@2.0.4:
  version "2.0.4"

ini@^4.1.0, ini@^4.1.1:
  version "4.1.1"

init-package-json@^6.0.0:
  version "6.0.0"
  dependencies:
    npm-package-arg "^11.0.0"
    promzard "^1.0.0"
    read "^2.0.0"
    read-package-json "^7.0.0"
    semver "^7.3.5"
    validate-npm-package-license "^3.0.4"
    validate-npm-package-name "^5.0.0"

install@^0.13.0:
  version "0.13.0"
  resolved "https://registry.npmjs.org/install/-/install-0.13.0.tgz"
  integrity sha512-zDml/jzr2PKU9I8J/xyZBQn8rPCAY//UOYNmR01XwNwyfhEWObo2SWfSl1+0tm1u6PhxLwDnfsT/6jB7OUxqFA==

ip-regex@^5.0.0:
  version "5.0.0"

ip@^2.0.0:
  version "2.0.0"

ipaddr.js@1.9.1:
  version "1.9.1"

is-binary-path@~2.1.0:
  version "2.1.0"
  dependencies:
    binary-extensions "^2.0.0"

is-cidr@^5.0.3:
  version "5.0.3"
  dependencies:
    cidr-regex "4.0.3"

is-core-module@^2.8.1:
  version "2.13.1"
  dependencies:
    hasown "^2.0.0"

is-extglob@^2.1.1:
  version "2.1.1"

is-fullwidth-code-point@^3.0.0:
  version "3.0.0"

is-glob@^4.0.1, is-glob@~4.0.1:
  version "4.0.1"
  dependencies:
    is-extglob "^2.1.1"

is-lambda@^1.0.1:
  version "1.0.1"

is-number@^7.0.0:
  version "7.0.0"

isexe@^2.0.0:
  version "2.0.0"

isexe@^3.1.1:
  version "3.1.1"

jackspeak@^2.3.5:
  version "2.3.6"
  dependencies:
    "@isaacs/cliui" "^8.0.2"
  optionalDependencies:
    "@pkgjs/parseargs" "^0.11.0"

json-parse-even-better-errors@^3.0.0, json-parse-even-better-errors@^3.0.1:
  version "3.0.1"

json-stringify-nice@^1.1.4:
  version "1.1.4"

jsonparse@^1.3.1:
  version "1.3.1"

just-diff-apply@^5.2.0:
  version "5.5.0"

just-diff@^6.0.0:
  version "6.0.2"

libnpmaccess@^8.0.1:
  version "8.0.2"
  dependencies:
    npm-package-arg "^11.0.1"
    npm-registry-fetch "^16.0.0"

libnpmdiff@^6.0.3:
  version "6.0.6"
  dependencies:
    "@npmcli/arborist" "^7.2.1"
    "@npmcli/disparity-colors" "^3.0.0"
    "@npmcli/installed-package-contents" "^2.0.2"
    binary-extensions "^2.2.0"
    diff "^5.1.0"
    minimatch "^9.0.0"
    npm-package-arg "^11.0.1"
    pacote "^17.0.4"
    tar "^6.2.0"

libnpmexec@^7.0.4:
  version "7.0.7"
  dependencies:
    "@npmcli/arborist" "^7.2.1"
    "@npmcli/run-script" "^7.0.2"
    ci-info "^4.0.0"
    npm-package-arg "^11.0.1"
    npmlog "^7.0.1"
    pacote "^17.0.4"
    proc-log "^3.0.0"
    read "^2.0.0"
    read-package-json-fast "^3.0.2"
    semver "^7.3.7"
    walk-up-path "^3.0.1"

libnpmfund@^5.0.1:
  version "5.0.4"
  dependencies:
    "@npmcli/arborist" "^7.2.1"

libnpmhook@^10.0.0:
  version "10.0.1"
  dependencies:
    aproba "^2.0.0"
    npm-registry-fetch "^16.0.0"

libnpmorg@^6.0.1:
  version "6.0.2"
  dependencies:
    aproba "^2.0.0"
    npm-registry-fetch "^16.0.0"

libnpmpack@^6.0.3:
  version "6.0.6"
  dependencies:
    "@npmcli/arborist" "^7.2.1"
    "@npmcli/run-script" "^7.0.2"
    npm-package-arg "^11.0.1"
    pacote "^17.0.4"

libnpmpublish@^9.0.2:
  version "9.0.4"
  dependencies:
    ci-info "^4.0.0"
    normalize-package-data "^6.0.0"
    npm-package-arg "^11.0.1"
    npm-registry-fetch "^16.0.0"
    proc-log "^3.0.0"
    semver "^7.3.7"
    sigstore "^2.2.0"
    ssri "^10.0.5"

libnpmsearch@^7.0.0:
  version "7.0.1"
  dependencies:
    npm-registry-fetch "^16.0.0"

libnpmteam@^6.0.0:
  version "6.0.1"
  dependencies:
    aproba "^2.0.0"
    npm-registry-fetch "^16.0.0"

libnpmversion@^5.0.1:
  version "5.0.2"
  dependencies:
    "@npmcli/git" "^5.0.3"
    "@npmcli/run-script" "^7.0.2"
    json-parse-even-better-errors "^3.0.0"
    proc-log "^3.0.0"
    semver "^7.3.7"

lodash@^4.17.21:
  version "4.17.21"
  resolved "https://registry.npmjs.org/lodash/-/lodash-4.17.21.tgz"
  integrity sha512-v2kDEe57lecTulaDIuNTPy3Ry4gLGJ6Z1O3vE1krgXZNrsQ+LFTGHVxVjcXPs17LhbZVGedAJv8XZ1tvj5FvSg==

lru-cache@^10.0.1, "lru-cache@^9.1.1 || ^10.0.0":
  version "10.1.0"

lru-cache@^6.0.0:
  version "6.0.0"
  dependencies:
    yallist "^4.0.0"

make-error@^1.1.1:
  version "1.3.6"

make-fetch-happen@^13.0.0:
  version "13.0.0"
  dependencies:
    "@npmcli/agent" "^2.0.0"
    cacache "^18.0.0"
    http-cache-semantics "^4.1.1"
    is-lambda "^1.0.1"
    minipass "^7.0.2"
    minipass-fetch "^3.0.0"
    minipass-flush "^1.0.5"
    minipass-pipeline "^1.2.4"
    negotiator "^0.6.3"
    promise-retry "^2.0.1"
    ssri "^10.0.0"

media-typer@0.3.0:
  version "0.3.0"

merge-descriptors@1.0.1:
  version "1.0.1"

methods@~1.1.2:
  version "1.1.2"

mime-db@1.48.0:
  version "1.48.0"

mime-db@1.52.0:
  version "1.52.0"

mime-types@~2.1.24:
  version "2.1.31"
  dependencies:
    mime-db "1.48.0"

mime-types@~2.1.34:
  version "2.1.35"
  dependencies:
    mime-db "1.52.0"

mime@1.6.0:
  version "1.6.0"

minimatch@^3.1.2:
  version "3.1.2"
  dependencies:
    brace-expansion "^1.1.7"

minimatch@^9.0.0, minimatch@^9.0.1, minimatch@^9.0.3:
  version "9.0.3"
  dependencies:
    brace-expansion "^2.0.1"

minipass-collect@^2.0.1:
  version "2.0.1"
  dependencies:
    minipass "^7.0.3"

minipass-fetch@^3.0.0:
  version "3.0.4"
  dependencies:
    minipass "^7.0.3"
    minipass-sized "^1.0.3"
    minizlib "^2.1.2"
  optionalDependencies:
    encoding "^0.1.13"

minipass-flush@^1.0.5:
  version "1.0.5"
  dependencies:
    minipass "^3.0.0"

minipass-json-stream@^1.0.1:
  version "1.0.1"
  dependencies:
    jsonparse "^1.3.1"
    minipass "^3.0.0"

minipass-pipeline@^1.2.4:
  version "1.2.4"
  dependencies:
    minipass "^3.0.0"

minipass-sized@^1.0.3:
  version "1.0.3"
  dependencies:
    minipass "^3.0.0"

minipass@^3.0.0:
  version "3.3.6"
  dependencies:
    yallist "^4.0.0"

"minipass@^5.0.0 || ^6.0.2 || ^7.0.0", minipass@^7.0.2, minipass@^7.0.3, minipass@^7.0.4:
  version "7.0.4"

minipass@^5.0.0:
  version "5.0.0"

minizlib@^2.1.1, minizlib@^2.1.2:
  version "2.1.2"
  dependencies:
    minipass "^3.0.0"
    yallist "^4.0.0"

mkdirp@^1.0.3:
  version "1.0.4"

ms@^2.1.2:
  version "2.1.3"

ms@2.0.0:
  version "2.0.0"

ms@2.1.2:
  version "2.1.2"

ms@2.1.3:
  version "2.1.3"

mute-stream@~1.0.0:
  version "1.0.0"

negotiator@^0.6.3:
  version "0.6.3"

negotiator@0.6.3:
  version "0.6.3"

node-gyp@^10.0.0, node-gyp@^10.0.1:
  version "10.0.1"
  dependencies:
    env-paths "^2.2.0"
    exponential-backoff "^3.1.1"
    glob "^10.3.10"
    graceful-fs "^4.2.6"
    make-fetch-happen "^13.0.0"
    nopt "^7.0.0"
    proc-log "^3.0.0"
    semver "^7.3.5"
    tar "^6.1.2"
    which "^4.0.0"

nodemon@^3.0.3:
  version "3.0.3"
  dependencies:
    chokidar "^3.5.2"
    debug "^4"
    ignore-by-default "^1.0.1"
    minimatch "^3.1.2"
    pstree.remy "^1.1.8"
    semver "^7.5.3"
    simple-update-notifier "^2.0.0"
    supports-color "^5.5.0"
    touch "^3.1.0"
    undefsafe "^2.0.5"

nopt@^7.0.0, nopt@^7.2.0:
  version "7.2.0"
  dependencies:
    abbrev "^2.0.0"

nopt@~1.0.10:
  version "1.0.10"
  dependencies:
    abbrev "1"

normalize-package-data@^6.0.0:
  version "6.0.0"
  dependencies:
    hosted-git-info "^7.0.0"
    is-core-module "^2.8.1"
    semver "^7.3.5"
    validate-npm-package-license "^3.0.4"

normalize-path@^3.0.0, normalize-path@~3.0.0:
  version "3.0.0"

npm-audit-report@^5.0.0:
  version "5.0.0"

npm-bundled@^3.0.0:
  version "3.0.0"
  dependencies:
    npm-normalize-package-bin "^3.0.0"

npm-install-checks@^6.0.0, npm-install-checks@^6.2.0, npm-install-checks@^6.3.0:
  version "6.3.0"
  dependencies:
    semver "^7.1.1"

npm-normalize-package-bin@^3.0.0:
  version "3.0.1"

npm-package-arg@^11.0.0, npm-package-arg@^11.0.1:
  version "11.0.1"
  dependencies:
    hosted-git-info "^7.0.0"
    proc-log "^3.0.0"
    semver "^7.3.5"
    validate-npm-package-name "^5.0.0"

npm-packlist@^8.0.0:
  version "8.0.2"
  dependencies:
    ignore-walk "^6.0.4"

npm-pick-manifest@^9.0.0:
  version "9.0.0"
  dependencies:
    npm-install-checks "^6.0.0"
    npm-normalize-package-bin "^3.0.0"
    npm-package-arg "^11.0.0"
    semver "^7.3.5"

npm-profile@^9.0.0:
  version "9.0.0"
  dependencies:
    npm-registry-fetch "^16.0.0"
    proc-log "^3.0.0"

npm-registry-fetch@^16.0.0, npm-registry-fetch@^16.1.0:
  version "16.1.0"
  dependencies:
    make-fetch-happen "^13.0.0"
    minipass "^7.0.2"
    minipass-fetch "^3.0.0"
    minipass-json-stream "^1.0.1"
    minizlib "^2.1.2"
    npm-package-arg "^11.0.0"
    proc-log "^3.0.0"

npm-user-validate@^2.0.0:
  version "2.0.0"

npm@^10.4.0:
  version "10.4.0"
  resolved "https://registry.npmjs.org/npm/-/npm-10.4.0.tgz"
  integrity sha512-RS7Mx0OVfXlOcQLRePuDIYdFCVBPCNapWHplDK+mh7GDdP/Tvor4ocuybRRPSvfcRb2vjRJt1fHCqw3cr8qACQ==
  dependencies:
    "@isaacs/string-locale-compare" "^1.1.0"
    "@npmcli/arborist" "^7.2.1"
    "@npmcli/config" "^8.0.2"
    "@npmcli/fs" "^3.1.0"
    "@npmcli/map-workspaces" "^3.0.4"
    "@npmcli/package-json" "^5.0.0"
    "@npmcli/promise-spawn" "^7.0.1"
    "@npmcli/run-script" "^7.0.4"
    "@sigstore/tuf" "^2.3.0"
    abbrev "^2.0.0"
    archy "~1.0.0"
    cacache "^18.0.2"
    chalk "^5.3.0"
    ci-info "^4.0.0"
    cli-columns "^4.0.0"
    cli-table3 "^0.6.3"
    columnify "^1.6.0"
    fastest-levenshtein "^1.0.16"
    fs-minipass "^3.0.3"
    glob "^10.3.10"
    graceful-fs "^4.2.11"
    hosted-git-info "^7.0.1"
    ini "^4.1.1"
    init-package-json "^6.0.0"
    is-cidr "^5.0.3"
    json-parse-even-better-errors "^3.0.1"
    libnpmaccess "^8.0.1"
    libnpmdiff "^6.0.3"
    libnpmexec "^7.0.4"
    libnpmfund "^5.0.1"
    libnpmhook "^10.0.0"
    libnpmorg "^6.0.1"
    libnpmpack "^6.0.3"
    libnpmpublish "^9.0.2"
    libnpmsearch "^7.0.0"
    libnpmteam "^6.0.0"
    libnpmversion "^5.0.1"
    make-fetch-happen "^13.0.0"
    minimatch "^9.0.3"
    minipass "^7.0.4"
    minipass-pipeline "^1.2.4"
    ms "^2.1.2"
    node-gyp "^10.0.1"
    nopt "^7.2.0"
    normalize-package-data "^6.0.0"
    npm-audit-report "^5.0.0"
    npm-install-checks "^6.3.0"
    npm-package-arg "^11.0.1"
    npm-pick-manifest "^9.0.0"
    npm-profile "^9.0.0"
    npm-registry-fetch "^16.1.0"
    npm-user-validate "^2.0.0"
    npmlog "^7.0.1"
    p-map "^4.0.0"
    pacote "^17.0.6"
    parse-conflict-json "^3.0.1"
    proc-log "^3.0.0"
    qrcode-terminal "^0.12.0"
    read "^2.1.0"
    semver "^7.5.4"
    spdx-expression-parse "^3.0.1"
    ssri "^10.0.5"
    supports-color "^9.4.0"
    tar "^6.2.0"
    text-table "~0.2.0"
    tiny-relative-date "^1.3.0"
    treeverse "^3.0.0"
    validate-npm-package-name "^5.0.0"
    which "^4.0.0"
    write-file-atomic "^5.0.1"

npmlog@^7.0.1:
  version "7.0.1"
  dependencies:
    are-we-there-yet "^4.0.0"
    console-control-strings "^1.1.0"
    gauge "^5.0.0"
    set-blocking "^2.0.0"

object-assign@^4:
  version "4.1.1"

object-inspect@^1.9.0:
  version "1.12.3"

on-finished@2.4.1:
  version "2.4.1"
  dependencies:
    ee-first "1.1.1"

p-map@^4.0.0:
  version "4.0.0"
  dependencies:
    aggregate-error "^3.0.0"

pacote@^17.0.0, pacote@^17.0.4, pacote@^17.0.6:
  version "17.0.6"
  dependencies:
    "@npmcli/git" "^5.0.0"
    "@npmcli/installed-package-contents" "^2.0.1"
    "@npmcli/promise-spawn" "^7.0.0"
    "@npmcli/run-script" "^7.0.0"
    cacache "^18.0.0"
    fs-minipass "^3.0.0"
    minipass "^7.0.2"
    npm-package-arg "^11.0.0"
    npm-packlist "^8.0.0"
    npm-pick-manifest "^9.0.0"
    npm-registry-fetch "^16.0.0"
    proc-log "^3.0.0"
    promise-retry "^2.0.1"
    read-package-json "^7.0.0"
    read-package-json-fast "^3.0.0"
    sigstore "^2.2.0"
    ssri "^10.0.0"
    tar "^6.1.11"

parse-conflict-json@^3.0.0, parse-conflict-json@^3.0.1:
  version "3.0.1"
  dependencies:
    json-parse-even-better-errors "^3.0.0"
    just-diff "^6.0.0"
    just-diff-apply "^5.2.0"

parseurl@~1.3.3:
  version "1.3.3"

path-key@^3.1.0:
  version "3.1.1"

path-scurry@^1.10.1:
  version "1.10.1"
  dependencies:
    lru-cache "^9.1.1 || ^10.0.0"
    minipass "^5.0.0 || ^6.0.2 || ^7.0.0"

path-to-regexp@0.1.7:
  version "0.1.7"

picomatch@^2.0.4, picomatch@^2.2.1:
  version "2.3.0"

postcss-selector-parser@^6.0.10:
  version "6.0.15"
  dependencies:
    cssesc "^3.0.0"
    util-deprecate "^1.0.2"

proc-log@^3.0.0:
  version "3.0.0"

promise-all-reject-late@^1.0.0:
  version "1.0.1"

promise-call-limit@^3.0.1:
  version "3.0.1"

promise-inflight@^1.0.1:
  version "1.0.1"

promise-retry@^2.0.1:
  version "2.0.1"
  dependencies:
    err-code "^2.0.2"
    retry "^0.12.0"

promzard@^1.0.0:
  version "1.0.0"
  dependencies:
    read "^2.0.0"

proxy-addr@~2.0.7:
  version "2.0.7"
  dependencies:
    forwarded "0.2.0"
    ipaddr.js "1.9.1"

pstree.remy@^1.1.8:
  version "1.1.8"

qrcode-terminal@^0.12.0:
  version "0.12.0"

qs@6.11.0:
  version "6.11.0"
  dependencies:
    side-channel "^1.0.4"

range-parser@~1.2.1:
  version "1.2.1"

raw-body@2.5.1:
  version "2.5.1"
  dependencies:
    bytes "3.1.2"
    http-errors "2.0.0"
    iconv-lite "0.4.24"
    unpipe "1.0.0"

raw-body@2.5.2:
  version "2.5.2"
  dependencies:
    bytes "3.1.2"
    http-errors "2.0.0"
    iconv-lite "0.4.24"
    unpipe "1.0.0"

read-cmd-shim@^4.0.0:
  version "4.0.0"

read-package-json-fast@^3.0.0, read-package-json-fast@^3.0.2:
  version "3.0.2"
  dependencies:
    json-parse-even-better-errors "^3.0.0"
    npm-normalize-package-bin "^3.0.0"

read-package-json@^7.0.0:
  version "7.0.0"
  dependencies:
    glob "^10.2.2"
    json-parse-even-better-errors "^3.0.0"
    normalize-package-data "^6.0.0"
    npm-normalize-package-bin "^3.0.0"

read@^2.0.0, read@^2.1.0:
  version "2.1.0"
  dependencies:
    mute-stream "~1.0.0"

readdirp@~3.6.0:
  version "3.6.0"
  dependencies:
    picomatch "^2.2.1"

retry@^0.12.0:
  version "0.12.0"

safe-buffer@5.2.1:
  version "5.2.1"

"safer-buffer@>= 2.1.2 < 3":
  version "2.1.2"

"safer-buffer@>= 2.1.2 < 3.0.0":
  version "2.1.2"

semver@^7.0.0, semver@^7.1.1, semver@^7.3.5, semver@^7.3.7, semver@^7.5.3, semver@^7.5.4:
  version "7.5.4"
  dependencies:
    lru-cache "^6.0.0"

send@0.18.0:
  version "0.18.0"
  dependencies:
    debug "2.6.9"
    depd "2.0.0"
    destroy "1.2.0"
    encodeurl "~1.0.2"
    escape-html "~1.0.3"
    etag "~1.8.1"
    fresh "0.5.2"
    http-errors "2.0.0"
    mime "1.6.0"
    ms "2.1.3"
    on-finished "2.4.1"
    range-parser "~1.2.1"
    statuses "2.0.1"

serve-static@1.15.0:
  version "1.15.0"
  dependencies:
    encodeurl "~1.0.2"
    escape-html "~1.0.3"
    parseurl "~1.3.3"
    send "0.18.0"

set-blocking@^2.0.0:
  version "2.0.0"

setprototypeof@1.2.0:
  version "1.2.0"

shebang-command@^2.0.0:
  version "2.0.0"
  dependencies:
    shebang-regex "^3.0.0"

shebang-regex@^3.0.0:
  version "3.0.0"

side-channel@^1.0.4:
  version "1.0.4"
  dependencies:
    call-bind "^1.0.0"
    get-intrinsic "^1.0.2"
    object-inspect "^1.9.0"

signal-exit@^4.0.1:
  version "4.1.0"

sigstore@^2.2.0:
  version "2.2.0"
  dependencies:
    "@sigstore/bundle" "^2.1.1"
    "@sigstore/core" "^0.2.0"
    "@sigstore/protobuf-specs" "^0.2.1"
    "@sigstore/sign" "^2.2.1"
    "@sigstore/tuf" "^2.3.0"
    "@sigstore/verify" "^0.1.0"

simple-update-notifier@^2.0.0:
  version "2.0.0"
  dependencies:
    semver "^7.5.3"

smart-buffer@^4.2.0:
  version "4.2.0"

socks-proxy-agent@^8.0.1:
  version "8.0.2"
  dependencies:
    agent-base "^7.0.2"
    debug "^4.3.4"
    socks "^2.7.1"

socks@^2.7.1:
  version "2.7.1"
  dependencies:
    ip "^2.0.0"
    smart-buffer "^4.2.0"

spdx-correct@^3.0.0:
  version "3.2.0"
  dependencies:
    spdx-expression-parse "^3.0.0"
    spdx-license-ids "^3.0.0"

spdx-exceptions@^2.1.0:
  version "2.3.0"

spdx-expression-parse@^3.0.0, spdx-expression-parse@^3.0.1:
  version "3.0.1"
  dependencies:
    spdx-exceptions "^2.1.0"
    spdx-license-ids "^3.0.0"

spdx-license-ids@^3.0.0:
  version "3.0.16"

ssri@^10.0.0, ssri@^10.0.5:
  version "10.0.5"
  dependencies:
    minipass "^7.0.3"

statuses@2.0.1:
  version "2.0.1"

"string-width-cjs@npm:string-width@^4.2.0":
  version "4.2.3"
  dependencies:
    emoji-regex "^8.0.0"
    is-fullwidth-code-point "^3.0.0"
    strip-ansi "^6.0.1"

"string-width@^1.0.2 || 2 || 3 || 4", string-width@^4.1.0, string-width@^4.2.0, string-width@^4.2.3:
  version "4.2.3"
  dependencies:
    emoji-regex "^8.0.0"
    is-fullwidth-code-point "^3.0.0"
    strip-ansi "^6.0.1"

string-width@^5.0.1:
  version "5.1.2"
  dependencies:
    eastasianwidth "^0.2.0"
    emoji-regex "^9.2.2"
    strip-ansi "^7.0.1"

string-width@^5.1.2:
  version "5.1.2"
  dependencies:
    eastasianwidth "^0.2.0"
    emoji-regex "^9.2.2"
    strip-ansi "^7.0.1"

"strip-ansi-cjs@npm:strip-ansi@^6.0.1":
  version "6.0.1"
  dependencies:
    ansi-regex "^5.0.1"

strip-ansi@^6.0.0, strip-ansi@^6.0.1:
  version "6.0.1"
  dependencies:
    ansi-regex "^5.0.1"

strip-ansi@^7.0.1:
  version "7.1.0"
  dependencies:
    ansi-regex "^6.0.1"

supports-color@^5.5.0:
  version "5.5.0"
  dependencies:
    has-flag "^3.0.0"

supports-color@^9.4.0:
  version "9.4.0"

tar@^6.1.11, tar@^6.1.2, tar@^6.2.0:
  version "6.2.0"
  dependencies:
    chownr "^2.0.0"
    fs-minipass "^2.0.0"
    minipass "^5.0.0"
    minizlib "^2.1.1"
    mkdirp "^1.0.3"
    yallist "^4.0.0"

text-table@~0.2.0:
  version "0.2.0"

tiny-relative-date@^1.3.0:
  version "1.3.0"

to-regex-range@^5.0.1:
  version "5.0.1"
  dependencies:
    is-number "^7.0.0"

toidentifier@1.0.1:
  version "1.0.1"

touch@^3.1.0:
  version "3.1.0"
  dependencies:
    nopt "~1.0.10"

tr46@~0.0.3:
  version "0.0.3"

treeverse@^3.0.0:
  version "3.0.0"

ts-node@^10.9.2:
  version "10.9.2"
  dependencies:
    "@cspotcode/source-map-support" "^0.8.0"
    "@tsconfig/node10" "^1.0.7"
    "@tsconfig/node12" "^1.0.7"
    "@tsconfig/node14" "^1.0.0"
    "@tsconfig/node16" "^1.0.2"
    acorn "^8.4.1"
    acorn-walk "^8.1.1"
    arg "^4.1.0"
    create-require "^1.1.0"
    diff "^4.0.1"
    make-error "^1.1.1"
    v8-compile-cache-lib "^3.0.1"
    yn "3.1.1"

tuf-js@^2.2.0:
  version "2.2.0"
  dependencies:
    "@tufjs/models" "2.0.0"
    debug "^4.3.4"
    make-fetch-happen "^13.0.0"

type-is@~1.6.18:
  version "1.6.18"
  dependencies:
    media-typer "0.3.0"
    mime-types "~2.1.24"

typescript@^5.3.3, typescript@>=2.7:
  version "5.3.3"

undefsafe@^2.0.5:
  version "2.0.5"

undici-types@~5.26.4:
  version "5.26.5"

unique-filename@^3.0.0:
  version "3.0.0"
  dependencies:
    unique-slug "^4.0.0"

unique-slug@^4.0.0:
  version "4.0.0"
  dependencies:
    imurmurhash "^0.1.4"

unpipe@~1.0.0, unpipe@1.0.0:
  version "1.0.0"

util-deprecate@^1.0.2:
  version "1.0.2"

utils-merge@1.0.1:
  version "1.0.1"

v8-compile-cache-lib@^3.0.1:
  version "3.0.1"

validate-npm-package-license@^3.0.4:
  version "3.0.4"
  dependencies:
    spdx-correct "^3.0.0"
    spdx-expression-parse "^3.0.0"

validate-npm-package-name@^5.0.0:
  version "5.0.0"
  dependencies:
    builtins "^5.0.0"

validator@^13.9.0:
  version "13.11.0"
  resolved "https://registry.npmjs.org/validator/-/validator-13.11.0.tgz"
  integrity sha512-Ii+sehpSfZy+At5nPdnyMhx78fEoPDkR2XW/zimHEL3MyGJQOCQ7WeP20jPYRz7ZCpcKLB21NxuXHF3bxjStBQ==

vary@^1, vary@~1.1.2:
  version "1.1.2"

walk-up-path@^3.0.1:
  version "3.0.1"

wcwidth@^1.0.0:
  version "1.0.1"
  dependencies:
    defaults "^1.0.3"

webidl-conversions@^3.0.0:
  version "3.0.1"

whatwg-url@^5.0.0:
  version "5.0.0"
  dependencies:
    tr46 "~0.0.3"
    webidl-conversions "^3.0.0"

which@^2.0.1:
  version "2.0.2"
  dependencies:
    isexe "^2.0.0"

which@^4.0.0:
  version "4.0.0"
  dependencies:
    isexe "^3.1.1"

wide-align@^1.1.5:
  version "1.1.5"
  dependencies:
    string-width "^1.0.2 || 2 || 3 || 4"

"wrap-ansi-cjs@npm:wrap-ansi@^7.0.0":
  version "7.0.0"
  dependencies:
    ansi-styles "^4.0.0"
    string-width "^4.1.0"
    strip-ansi "^6.0.0"

wrap-ansi@^8.1.0:
  version "8.1.0"
  dependencies:
    ansi-styles "^6.1.0"
    string-width "^5.0.1"
    strip-ansi "^7.0.1"

write-file-atomic@^5.0.0, write-file-atomic@^5.0.1:
  version "5.0.1"
  dependencies:
    imurmurhash "^0.1.4"
    signal-exit "^4.0.1"

ws@^8.14.2, ws@^8.16.0:
  version "8.16.0"
  resolved "https://registry.npmjs.org/ws/-/ws-8.16.0.tgz"
  integrity sha512-HS0c//TP7Ina87TfiPUz1rQzMhHrl/SG2guqRcTOIUYD2q8uhUdNHZYJUaQ8aTGPzCh+c6oawMKW35nFl1dxyQ==

yallist@^4.0.0:
  version "4.0.0"

yn@3.1.1:
  version "3.1.1"
